{
  "version": 4,
  "terraform_version": "1.4.5",
  "serial": 127,
  "lineage": "53171266-4e11-4998-c279-b8dd081439c9",
  "outputs": {},
  "resources": [
    {
      "mode": "managed",
      "type": "linode_database_postgresql",
      "name": "example_db",
      "provider": "provider[\"registry.terraform.io/linode/linode\"]",
      "instances": [
        {
          "schema_version": 0,
          "attributes": {
            "allow_list": [],
            "ca_cert": "",
            "cluster_size": 1,
            "created": "2023-04-25T17:51:03Z",
            "encrypted": false,
            "engine": "postgresql",
            "engine_id": "postgresql/13.8",
            "host_primary": "lin-20330-7173-pgsql-primary.servers.linodedb.net",
            "host_secondary": "lin-20330-7173-pgsql-primary-private.servers.linodedb.net",
            "id": "20330",
            "label": "mydatabase",
            "port": 5432,
            "region": "us-southeast",
            "replication_commit_type": "off",
            "replication_type": "none",
            "root_password": ".ab2Jz2SFpeMuEc9",
            "root_username": "linpostgres",
            "ssl_connection": false,
            "status": "active",
            "timeouts": null,
            "type": "g6-nanode-1",
            "updated": "2023-04-25T18:25:05Z",
            "updates": [
              {
                "day_of_week": "saturday",
                "duration": 3,
                "frequency": "weekly",
                "hour_of_day": 2,
                "week_of_month": 0
              }
            ],
            "version": "13.8"
          },
          "sensitive_attributes": [],
          "private": "eyJlMmJmYjczMC1lY2FhLTExZTYtOGY4OC0zNDM2M2JjN2M0YzAiOnsiY3JlYXRlIjo0NTAwMDAwMDAwMDAwLCJkZWxldGUiOjMwMDAwMDAwMDAwMCwidXBkYXRlIjozMDAwMDAwMDAwMDB9fQ=="
        }
      ]
    },
    {
      "mode": "managed",
      "type": "linode_instance",
      "name": "Test",
      "provider": "provider[\"registry.terraform.io/linode/linode\"]",
      "instances": [
        {
          "index_key": 0,
          "schema_version": 0,
          "attributes": {
            "alerts": [
              {
                "cpu": 90,
                "io": 10000,
                "network_in": 10,
                "network_out": 10,
                "transfer_quota": 80
              }
            ],
            "authorized_keys": [
              "ssh-rsa AAAAB3NzaC1yc2EAAAADAQABAAABAQDAE2jr38+vjo43skz6B6qGCHjglcyIKp7FX0/ySgJvltys9EgfM3SV8DDu7s7Y5+mofsqzqXc5+GzddTQmu0K6H3VV1wwkHp72xlOfGImTGXQBsNXQXooRCwtjkxpq6+VdCv18NXQCB3zzjsnpawaRtgu1GUCKApEw+tB2Wt3JEfL7czRwFZeDUuwE+oZGUlm60SPwM++K8jkAMaukGaDFL82jEr2mchlbAL32NUU2+KLCNnBzKju7TvDnkog/era9I3tL5ls6LFb11R9V2LiGbZxtp3gnVRu787JmcjtjeTGuK8kprNEFclLVgRl9JMqbIcZ3LNqgFpvZsddmrwfV ohernand@fll-mpgm5"
            ],
            "authorized_users": null,
            "backup_id": null,
            "backups": [
              {
                "available": false,
                "enabled": false,
                "schedule": [
                  {
                    "day": "",
                    "window": ""
                  }
                ]
              }
            ],
            "backups_enabled": false,
            "boot_config_label": "My Alpine 3.17 Disk Profile",
            "booted": true,
            "config": [
              {
                "comments": "",
                "devices": [
                  {
                    "sda": [
                      {
                        "disk_id": 90817596,
                        "disk_label": "Alpine 3.17 Disk",
                        "volume_id": 0
                      }
                    ],
                    "sdb": [
                      {
                        "disk_id": 90817597,
                        "disk_label": "512 MB Swap Image",
                        "volume_id": 0
                      }
                    ],
                    "sdc": [],
                    "sdd": [],
                    "sde": [],
                    "sdf": [],
                    "sdg": [],
                    "sdh": []
                  }
                ],
                "helpers": [
                  {
                    "devtmpfs_automount": true,
                    "distro": true,
                    "modules_dep": true,
                    "network": true,
                    "updatedb_disabled": true
                  }
                ],
                "interface": [],
                "kernel": "linode/grub2",
                "label": "My Alpine 3.17 Disk Profile",
                "memory_limit": 0,
                "root_device": "/dev/sda",
                "run_level": "default",
                "virt_mode": "paravirt"
              }
            ],
            "disk": [
              {
                "authorized_keys": [],
                "authorized_users": [],
                "filesystem": "ext4",
                "id": 90817596,
                "image": "",
                "label": "Alpine 3.17 Disk",
                "read_only": false,
                "root_pass": "",
                "size": 25088,
                "stackscript_data": {},
                "stackscript_id": 0
              },
              {
                "authorized_keys": [],
                "authorized_users": [],
                "filesystem": "swap",
                "id": 90817597,
                "image": "",
                "label": "512 MB Swap Image",
                "read_only": false,
                "root_pass": "",
                "size": 512,
                "stackscript_data": {},
                "stackscript_id": 0
              }
            ],
            "group": "",
            "host_uuid": "e448619a594209a5b73e37ac4d5f83f0055ac4bf",
            "id": "45518865",
            "image": "linode/alpine3.17",
            "interface": [],
            "ip_address": "172.104.208.64",
            "ipv4": [
              "172.104.208.64"
            ],
            "ipv6": "2600:3c03::f03c:93ff:feec:800e/128",
            "label": "Test-instance-1",
            "private_ip": false,
            "private_ip_address": null,
            "region": "us-east",
            "resize_disk": false,
            "root_pass": "USSf68QQO3rtASV9LnFStvhg2VD0pTmyqTZtpGDdncm4ObCERNcwpx8EgvecKvfayh5J0J1LMg/gq/LsckJ2kw==",
            "shared_ipv4": [],
            "specs": [
              {
                "disk": 25600,
                "memory": 1024,
                "transfer": 1000,
                "vcpus": 1
              }
            ],
            "stackscript_data": null,
            "stackscript_id": null,
            "status": "running",
            "swap_size": 512,
            "tags": null,
            "timeouts": null,
            "type": "g6-nanode-1",
            "watchdog_enabled": true
          },
          "sensitive_attributes": [
            [
              {
                "type": "get_attr",
                "value": "root_pass"
              }
            ]
          ],
          "private": "eyJlMmJmYjczMC1lY2FhLTExZTYtOGY4OC0zNDM2M2JjN2M0YzAiOnsiY3JlYXRlIjo2MDAwMDAwMDAwMDAsImRlbGV0ZSI6NjAwMDAwMDAwMDAwLCJ1cGRhdGUiOjEyMDAwMDAwMDAwMDB9fQ=="
        },
        {
          "index_key": 1,
          "schema_version": 0,
          "attributes": {
            "alerts": [
              {
                "cpu": 90,
                "io": 10000,
                "network_in": 10,
                "network_out": 10,
                "transfer_quota": 80
              }
            ],
            "authorized_keys": [
              "ssh-rsa AAAAB3NzaC1yc2EAAAADAQABAAABAQDAE2jr38+vjo43skz6B6qGCHjglcyIKp7FX0/ySgJvltys9EgfM3SV8DDu7s7Y5+mofsqzqXc5+GzddTQmu0K6H3VV1wwkHp72xlOfGImTGXQBsNXQXooRCwtjkxpq6+VdCv18NXQCB3zzjsnpawaRtgu1GUCKApEw+tB2Wt3JEfL7czRwFZeDUuwE+oZGUlm60SPwM++K8jkAMaukGaDFL82jEr2mchlbAL32NUU2+KLCNnBzKju7TvDnkog/era9I3tL5ls6LFb11R9V2LiGbZxtp3gnVRu787JmcjtjeTGuK8kprNEFclLVgRl9JMqbIcZ3LNqgFpvZsddmrwfV ohernand@fll-mpgm5"
            ],
            "authorized_users": null,
            "backup_id": null,
            "backups": [
              {
                "available": false,
                "enabled": false,
                "schedule": [
                  {
                    "day": "",
                    "window": ""
                  }
                ]
              }
            ],
            "backups_enabled": false,
            "boot_config_label": "My Alpine 3.17 Disk Profile",
            "booted": true,
            "config": [
              {
                "comments": "",
                "devices": [
                  {
                    "sda": [
                      {
                        "disk_id": 90817586,
                        "disk_label": "Alpine 3.17 Disk",
                        "volume_id": 0
                      }
                    ],
                    "sdb": [
                      {
                        "disk_id": 90817587,
                        "disk_label": "512 MB Swap Image",
                        "volume_id": 0
                      }
                    ],
                    "sdc": [],
                    "sdd": [],
                    "sde": [],
                    "sdf": [],
                    "sdg": [],
                    "sdh": []
                  }
                ],
                "helpers": [
                  {
                    "devtmpfs_automount": true,
                    "distro": true,
                    "modules_dep": true,
                    "network": true,
                    "updatedb_disabled": true
                  }
                ],
                "interface": [],
                "kernel": "linode/grub2",
                "label": "My Alpine 3.17 Disk Profile",
                "memory_limit": 0,
                "root_device": "/dev/sda",
                "run_level": "default",
                "virt_mode": "paravirt"
              }
            ],
            "disk": [
              {
                "authorized_keys": [],
                "authorized_users": [],
                "filesystem": "ext4",
                "id": 90817586,
                "image": "",
                "label": "Alpine 3.17 Disk",
                "read_only": false,
                "root_pass": "",
                "size": 25088,
                "stackscript_data": {},
                "stackscript_id": 0
              },
              {
                "authorized_keys": [],
                "authorized_users": [],
                "filesystem": "swap",
                "id": 90817587,
                "image": "",
                "label": "512 MB Swap Image",
                "read_only": false,
                "root_pass": "",
                "size": 512,
                "stackscript_data": {},
                "stackscript_id": 0
              }
            ],
            "group": "",
            "host_uuid": "a2f2c6707cbc18726e56fdfc9dd6a6f3f6063560",
            "id": "45518859",
            "image": "linode/alpine3.17",
            "interface": [],
            "ip_address": "172.104.208.49",
            "ipv4": [
              "172.104.208.49"
            ],
            "ipv6": "2600:3c03::f03c:93ff:feec:80a1/128",
            "label": "Test-instance-2",
            "private_ip": false,
            "private_ip_address": null,
            "region": "us-east",
            "resize_disk": false,
            "root_pass": "USSf68QQO3rtASV9LnFStvhg2VD0pTmyqTZtpGDdncm4ObCERNcwpx8EgvecKvfayh5J0J1LMg/gq/LsckJ2kw==",
            "shared_ipv4": [],
            "specs": [
              {
                "disk": 25600,
                "memory": 1024,
                "transfer": 1000,
                "vcpus": 1
              }
            ],
            "stackscript_data": null,
            "stackscript_id": null,
            "status": "running",
            "swap_size": 512,
            "tags": null,
            "timeouts": null,
            "type": "g6-nanode-1",
            "watchdog_enabled": true
          },
          "sensitive_attributes": [
            [
              {
                "type": "get_attr",
                "value": "root_pass"
              }
            ]
          ],
          "private": "eyJlMmJmYjczMC1lY2FhLTExZTYtOGY4OC0zNDM2M2JjN2M0YzAiOnsiY3JlYXRlIjo2MDAwMDAwMDAwMDAsImRlbGV0ZSI6NjAwMDAwMDAwMDAwLCJ1cGRhdGUiOjEyMDAwMDAwMDAwMDB9fQ=="
        }
      ]
    },
    {
      "mode": "managed",
      "type": "linode_instance",
      "name": "example1",
      "provider": "provider[\"registry.terraform.io/linode/linode\"]",
      "instances": [
        {
          "schema_version": 0,
          "attributes": {
            "alerts": [
              {
                "cpu": 90,
                "io": 10000,
                "network_in": 10,
                "network_out": 10,
                "transfer_quota": 80
              }
            ],
            "authorized_keys": [
              "ssh-rsa AAAAB3NzaC1yc2EAAAADAQABAAABAQDAE2jr38+vjo43skz6B6qGCHjglcyIKp7FX0/ySgJvltys9EgfM3SV8DDu7s7Y5+mofsqzqXc5+GzddTQmu0K6H3VV1wwkHp72xlOfGImTGXQBsNXQXooRCwtjkxpq6+VdCv18NXQCB3zzjsnpawaRtgu1GUCKApEw+tB2Wt3JEfL7czRwFZeDUuwE+oZGUlm60SPwM++K8jkAMaukGaDFL82jEr2mchlbAL32NUU2+KLCNnBzKju7TvDnkog/era9I3tL5ls6LFb11R9V2LiGbZxtp3gnVRu787JmcjtjeTGuK8kprNEFclLVgRl9JMqbIcZ3LNqgFpvZsddmrwfV ohernand@fll-mpgm5"
            ],
            "authorized_users": null,
            "backup_id": null,
            "backups": [
              {
                "available": false,
                "enabled": false,
                "schedule": [
                  {
                    "day": "",
                    "window": ""
                  }
                ]
              }
            ],
            "backups_enabled": false,
            "boot_config_label": "My Ubuntu 20.04 LTS Disk Profile",
            "booted": true,
            "config": [
              {
                "comments": "",
                "devices": [
                  {
                    "sda": [
                      {
                        "disk_id": 90817584,
                        "disk_label": "Ubuntu 20.04 LTS Disk",
                        "volume_id": 0
                      }
                    ],
                    "sdb": [
                      {
                        "disk_id": 90817585,
                        "disk_label": "512 MB Swap Image",
                        "volume_id": 0
                      }
                    ],
                    "sdc": [],
                    "sdd": [],
                    "sde": [],
                    "sdf": [],
                    "sdg": [],
                    "sdh": []
                  }
                ],
                "helpers": [
                  {
                    "devtmpfs_automount": true,
                    "distro": true,
                    "modules_dep": true,
                    "network": true,
                    "updatedb_disabled": true
                  }
                ],
                "interface": [],
                "kernel": "linode/grub2",
                "label": "My Ubuntu 20.04 LTS Disk Profile",
                "memory_limit": 0,
                "root_device": "/dev/sda",
                "run_level": "default",
                "virt_mode": "paravirt"
              }
            ],
            "disk": [
              {
                "authorized_keys": [],
                "authorized_users": [],
                "filesystem": "ext4",
                "id": 90817584,
                "image": "",
                "label": "Ubuntu 20.04 LTS Disk",
                "read_only": false,
                "root_pass": "",
                "size": 25088,
                "stackscript_data": {},
                "stackscript_id": 0
              },
              {
                "authorized_keys": [],
                "authorized_users": [],
                "filesystem": "swap",
                "id": 90817585,
                "image": "",
                "label": "512 MB Swap Image",
                "read_only": false,
                "root_pass": "",
                "size": 512,
                "stackscript_data": {},
                "stackscript_id": 0
              }
            ],
            "group": "",
            "host_uuid": "414fd49fcc0bdee1c8d1d93a5f24d469b9053eda",
            "id": "45518856",
            "image": "linode/ubuntu20.04",
            "interface": [],
            "ip_address": "172.104.208.42",
            "ipv4": [
              "172.104.208.42",
              "192.168.208.248"
            ],
            "ipv6": "2600:3c03::f03c:93ff:feec:805b/128",
            "label": "example-instance-1",
            "private_ip": true,
            "private_ip_address": "192.168.208.248",
            "region": "us-east",
            "resize_disk": false,
            "root_pass": "USSf68QQO3rtASV9LnFStvhg2VD0pTmyqTZtpGDdncm4ObCERNcwpx8EgvecKvfayh5J0J1LMg/gq/LsckJ2kw==",
            "shared_ipv4": [],
            "specs": [
              {
                "disk": 25600,
                "memory": 1024,
                "transfer": 1000,
                "vcpus": 1
              }
            ],
            "stackscript_data": null,
            "stackscript_id": null,
            "status": "running",
            "swap_size": 512,
            "tags": null,
            "timeouts": null,
            "type": "g6-nanode-1",
            "watchdog_enabled": true
          },
          "sensitive_attributes": [
            [
              {
                "type": "get_attr",
                "value": "root_pass"
              }
            ]
          ],
          "private": "eyJlMmJmYjczMC1lY2FhLTExZTYtOGY4OC0zNDM2M2JjN2M0YzAiOnsiY3JlYXRlIjo2MDAwMDAwMDAwMDAsImRlbGV0ZSI6NjAwMDAwMDAwMDAwLCJ1cGRhdGUiOjEyMDAwMDAwMDAwMDB9fQ=="
        }
      ]
    },
    {
      "mode": "managed",
      "type": "linode_instance",
      "name": "example2",
      "provider": "provider[\"registry.terraform.io/linode/linode\"]",
      "instances": [
        {
          "schema_version": 0,
          "attributes": {
            "alerts": [
              {
                "cpu": 90,
                "io": 10000,
                "network_in": 10,
                "network_out": 10,
                "transfer_quota": 80
              }
            ],
            "authorized_keys": [
              "ssh-rsa AAAAB3NzaC1yc2EAAAADAQABAAABAQDAE2jr38+vjo43skz6B6qGCHjglcyIKp7FX0/ySgJvltys9EgfM3SV8DDu7s7Y5+mofsqzqXc5+GzddTQmu0K6H3VV1wwkHp72xlOfGImTGXQBsNXQXooRCwtjkxpq6+VdCv18NXQCB3zzjsnpawaRtgu1GUCKApEw+tB2Wt3JEfL7czRwFZeDUuwE+oZGUlm60SPwM++K8jkAMaukGaDFL82jEr2mchlbAL32NUU2+KLCNnBzKju7TvDnkog/era9I3tL5ls6LFb11R9V2LiGbZxtp3gnVRu787JmcjtjeTGuK8kprNEFclLVgRl9JMqbIcZ3LNqgFpvZsddmrwfV ohernand@fll-mpgm5"
            ],
            "authorized_users": null,
            "backup_id": null,
            "backups": [
              {
                "available": false,
                "enabled": false,
                "schedule": [
                  {
                    "day": "",
                    "window": ""
                  }
                ]
              }
            ],
            "backups_enabled": false,
            "boot_config_label": "My Ubuntu 20.04 LTS Disk Profile",
            "booted": true,
            "config": [
              {
                "comments": "",
                "devices": [
                  {
                    "sda": [
                      {
                        "disk_id": 90817598,
                        "disk_label": "Ubuntu 20.04 LTS Disk",
                        "volume_id": 0
                      }
                    ],
                    "sdb": [
                      {
                        "disk_id": 90817599,
                        "disk_label": "512 MB Swap Image",
                        "volume_id": 0
                      }
                    ],
                    "sdc": [],
                    "sdd": [],
                    "sde": [],
                    "sdf": [],
                    "sdg": [],
                    "sdh": []
                  }
                ],
                "helpers": [
                  {
                    "devtmpfs_automount": true,
                    "distro": true,
                    "modules_dep": true,
                    "network": true,
                    "updatedb_disabled": true
                  }
                ],
                "interface": [],
                "kernel": "linode/grub2",
                "label": "My Ubuntu 20.04 LTS Disk Profile",
                "memory_limit": 0,
                "root_device": "/dev/sda",
                "run_level": "default",
                "virt_mode": "paravirt"
              }
            ],
            "disk": [
              {
                "authorized_keys": [],
                "authorized_users": [],
                "filesystem": "ext4",
                "id": 90817598,
                "image": "",
                "label": "Ubuntu 20.04 LTS Disk",
                "read_only": false,
                "root_pass": "",
                "size": 50688,
                "stackscript_data": {},
                "stackscript_id": 0
              },
              {
                "authorized_keys": [],
                "authorized_users": [],
                "filesystem": "swap",
                "id": 90817599,
                "image": "",
                "label": "512 MB Swap Image",
                "read_only": false,
                "root_pass": "",
                "size": 512,
                "stackscript_data": {},
                "stackscript_id": 0
              }
            ],
            "group": "",
            "host_uuid": "534ccd83c754dd0630ac7a66045c82c168dd812a",
            "id": "45518866",
            "image": "linode/ubuntu20.04",
            "interface": [],
            "ip_address": "172.104.208.120",
            "ipv4": [
              "172.104.208.120",
              "192.168.219.162"
            ],
            "ipv6": "2600:3c03::f03c:93ff:feec:80cc/128",
            "label": "example-instance-2",
            "private_ip": true,
            "private_ip_address": "192.168.219.162",
            "region": "us-east",
            "resize_disk": false,
            "root_pass": "USSf68QQO3rtASV9LnFStvhg2VD0pTmyqTZtpGDdncm4ObCERNcwpx8EgvecKvfayh5J0J1LMg/gq/LsckJ2kw==",
            "shared_ipv4": [],
            "specs": [
              {
                "disk": 51200,
                "memory": 2048,
                "transfer": 2000,
                "vcpus": 1
              }
            ],
            "stackscript_data": null,
            "stackscript_id": null,
            "status": "running",
            "swap_size": 512,
            "tags": null,
            "timeouts": null,
            "type": "g6-standard-1",
            "watchdog_enabled": true
          },
          "sensitive_attributes": [
            [
              {
                "type": "get_attr",
                "value": "root_pass"
              }
            ]
          ],
          "private": "eyJlMmJmYjczMC1lY2FhLTExZTYtOGY4OC0zNDM2M2JjN2M0YzAiOnsiY3JlYXRlIjo2MDAwMDAwMDAwMDAsImRlbGV0ZSI6NjAwMDAwMDAwMDAwLCJ1cGRhdGUiOjEyMDAwMDAwMDAwMDB9fQ=="
        }
      ]
    },
    {
      "mode": "managed",
      "type": "linode_instance",
      "name": "terraform-db",
      "provider": "provider[\"registry.terraform.io/linode/linode\"]",
      "instances": [
        {
          "schema_version": 0,
          "attributes": {
            "alerts": [
              {
                "cpu": 90,
                "io": 10000,
                "network_in": 10,
                "network_out": 10,
                "transfer_quota": 80
              }
            ],
            "authorized_keys": [
              "ssh-rsa AAAAB3NzaC1yc2EAAAADAQABAAABAQDAE2jr38+vjo43skz6B6qGCHjglcyIKp7FX0/ySgJvltys9EgfM3SV8DDu7s7Y5+mofsqzqXc5+GzddTQmu0K6H3VV1wwkHp72xlOfGImTGXQBsNXQXooRCwtjkxpq6+VdCv18NXQCB3zzjsnpawaRtgu1GUCKApEw+tB2Wt3JEfL7czRwFZeDUuwE+oZGUlm60SPwM++K8jkAMaukGaDFL82jEr2mchlbAL32NUU2+KLCNnBzKju7TvDnkog/era9I3tL5ls6LFb11R9V2LiGbZxtp3gnVRu787JmcjtjeTGuK8kprNEFclLVgRl9JMqbIcZ3LNqgFpvZsddmrwfV ohernand@fll-mpgm5"
            ],
            "authorized_users": null,
            "backup_id": null,
            "backups": [
              {
                "available": false,
                "enabled": false,
                "schedule": [
                  {
                    "day": "",
                    "window": ""
                  }
                ]
              }
            ],
            "backups_enabled": false,
            "boot_config_label": "My CentOS 7 Disk Profile",
            "booted": true,
            "config": [
              {
                "comments": "",
                "devices": [
                  {
                    "sda": [
                      {
                        "disk_id": 90817590,
                        "disk_label": "CentOS 7 Disk",
                        "volume_id": 0
                      }
                    ],
                    "sdb": [
                      {
                        "disk_id": 90817591,
                        "disk_label": "1024 MB Swap Image",
                        "volume_id": 0
                      }
                    ],
                    "sdc": [],
                    "sdd": [],
                    "sde": [],
                    "sdf": [],
                    "sdg": [],
                    "sdh": []
                  }
                ],
                "helpers": [
                  {
                    "devtmpfs_automount": true,
                    "distro": true,
                    "modules_dep": true,
                    "network": true,
                    "updatedb_disabled": true
                  }
                ],
                "interface": [],
                "kernel": "linode/grub2",
                "label": "My CentOS 7 Disk Profile",
                "memory_limit": 0,
                "root_device": "/dev/sda",
                "run_level": "default",
                "virt_mode": "paravirt"
              }
            ],
            "disk": [
              {
                "authorized_keys": [],
                "authorized_users": [],
                "filesystem": "ext4",
                "id": 90817590,
                "image": "",
                "label": "CentOS 7 Disk",
                "read_only": false,
                "root_pass": "",
                "size": 50176,
                "stackscript_data": {},
                "stackscript_id": 0
              },
              {
                "authorized_keys": [],
                "authorized_users": [],
                "filesystem": "swap",
                "id": 90817591,
                "image": "",
                "label": "1024 MB Swap Image",
                "read_only": false,
                "root_pass": "",
                "size": 1024,
                "stackscript_data": {},
                "stackscript_id": 0
              }
            ],
            "group": "Terraform",
            "host_uuid": "f5d2fc50247810bf9d042df654c0f098e5acdf3f",
            "id": "45518862",
            "image": "linode/centos7",
            "interface": [],
            "ip_address": "45.33.22.11",
            "ipv4": [
              "45.33.22.11"
            ],
            "ipv6": "2600:3c00::f03c:93ff:feec:8030/128",
            "label": "Terraform-Db-Example",
            "private_ip": false,
            "private_ip_address": null,
            "region": "us-central",
            "resize_disk": false,
            "root_pass": "USSf68QQO3rtASV9LnFStvhg2VD0pTmyqTZtpGDdncm4ObCERNcwpx8EgvecKvfayh5J0J1LMg/gq/LsckJ2kw==",
            "shared_ipv4": [],
            "specs": [
              {
                "disk": 51200,
                "memory": 2048,
                "transfer": 2000,
                "vcpus": 1
              }
            ],
            "stackscript_data": null,
            "stackscript_id": null,
            "status": "running",
            "swap_size": 1024,
            "tags": null,
            "timeouts": null,
            "type": "g6-standard-1",
            "watchdog_enabled": true
          },
          "sensitive_attributes": [
            [
              {
                "type": "get_attr",
                "value": "root_pass"
              }
            ]
          ],
          "private": "eyJlMmJmYjczMC1lY2FhLTExZTYtOGY4OC0zNDM2M2JjN2M0YzAiOnsiY3JlYXRlIjo2MDAwMDAwMDAwMDAsImRlbGV0ZSI6NjAwMDAwMDAwMDAwLCJ1cGRhdGUiOjEyMDAwMDAwMDAwMDB9fQ=="
        }
      ]
    },
    {
      "mode": "managed",
      "type": "linode_lke_cluster",
      "name": "My-Cluster",
      "provider": "provider[\"registry.terraform.io/linode/linode\"]",
      "instances": [
        {
          "schema_version": 0,
          "attributes": {
            "api_endpoints": [
              "https://d2cbd98b-32d2-4d05-814c-9793f7894be0.cpc2-us-central.linodelke.net:443",
              "https://d2cbd98b-32d2-4d05-814c-9793f7894be0.cpc2-us-central.linodelke.net:6443",
              "https://45.79.61.67:443",
              "https://45.79.61.67:6443"
            ],
            "control_plane": [
              {
                "high_availability": false
              }
            ],
            "dashboard_url": "https://ce94ecb5-f06f-4a5a-a630-e2eb0e5152a0.dashboard.cpc2-us-central.linodelke.net",
            "id": "104926",
            "k8s_version": "1.26",
            "kubeconfig": "CmFwaVZlcnNpb246IHYxCmtpbmQ6IENvbmZpZwpwcmVmZXJlbmNlczoge30KCmNsdXN0ZXJzOgotIGNsdXN0ZXI6CiAgICBjZXJ0aWZpY2F0ZS1hdXRob3JpdHktZGF0YTogTFMwdExTMUNSVWRKVGlCRFJWSlVTVVpKUTBGVVJTMHRMUzB0Q2sxSlNVTXZha05EUVdWaFowRjNTVUpCWjBsQ1FVUkJUa0puYTNGb2EybEhPWGN3UWtGUmMwWkJSRUZXVFZKTmQwVlJXVVJXVVZGRVJYZHdjbVJYU213S1kyMDFiR1JIVm5wTlFqUllSRlJKZWsxRVVYbE9WRVV6VGxSRmVFMHhiMWhFVkUxNlRVUlJlVTFxUlROT1ZFVjRUVEZ2ZDBaVVJWUk5Ra1ZIUVRGVlJRcEJlRTFMWVROV2FWcFlTblZhV0ZKc1kzcERRMEZUU1hkRVVWbEtTMjlhU1doMlkwNUJVVVZDUWxGQlJHZG5SVkJCUkVORFFWRnZRMmRuUlVKQlMyZGtDbWt5VVdSM1VVTnVWMnRvYkVGcWF6WnNhRVpPUjNCdllXczJUbFJaVTBkdGFqUXJRMU5SV2xZMlNHWkZSWGxrU1c1MlVrRkthM0JoYkZaMlpGVlpWMllLU0cxemVWQTNaVzlvYXk4MmFIRnNRbUZyYWsxU01raEhNVGgyWmt0UVkzZDRiVFJZYzFnMFNYRmlVVEJCSzA1YWVXOU5UMU5vWTNSbGRUUm1hbGQzVmdvNUwyWnVPVWczTDFSMVZucG5hRlJGTnpKa1lVUnBjbEpRYm1oQk9FOXRSRXQyYm0xeVVrbG1aR3AxT1RSYWFFaHBjbkEzUlRBNE0ycEJTbUpWTDFsSkNrVndhRTFSTld0WWQzaDJkMmtyWTBOMVpEVnZVek0yWlVSRFRtbDBlVEprWTFJeVIwRlNlRmx1UW5KemVscFpZMUpaU0ZwSlNsZFdiMDFLSzJkTGVqRUtkbWhLVVZac1VFMXBUVGhqWnpOMVZYTTBWalZEYUVKVFIwVk9TRkUzZWpRelkySkZWazlTYmxJdlJEWlNNSGhxYW1aWVRrbFhhVEpUTDJoRVYzWmFjUXB5Y25oamJFUkRVa2RXYVVRMmIycFBMMHB6UTBGM1JVRkJZVTVhVFVaamQwUm5XVVJXVWpCUVFWRklMMEpCVVVSQlowdHJUVUU0UjBFeFZXUkZkMFZDQ2k5M1VVWk5RVTFDUVdZNGQwaFJXVVJXVWpCUFFrSlpSVVpMVEZoUGRsb3hUR0owUVZsaFprOUtUR3hOWmtkSlNIQkRkbVJOUWxWSFFURlZaRVZSVVU4S1RVRjVRME50ZERGWmJWWjVZbTFXTUZwWVRYZEVVVmxLUzI5YVNXaDJZMDVCVVVWTVFsRkJSR2RuUlVKQlJISTRaSFZ5VjJGYWFtUkZaMk5TVDA4NVV3cFBNbk1yYW5sYVl6Wmhja2hNY0RFeVdUVkVRblJVVGpCRFpVWTJUR2d3VUdGeWFWVk1VREZsV1U1cVIxTkpUemRaYWsxNmJUVmhZUzlIUTBGNFZqRTBDa1puVFdkdVdGTkNibXhrYURCS1FuY3JXbGxIWlZWSlkyOXdkREE1WlRGc2QyZFBNSGxqYkVGQ1IxaElRazFEV2tOaVFWVk1Lemw0T1hwNk56ZHNTSGNLTkdSNmEwVnJOMUpqZWtkdFR6VldiMDQyUnpnM2VWVlZWMHROVFN0d01sUkVUbmxPVDFSR2VtTlNPR2s1WW1kRVNYZERNVXRTVld0TVNVNU5jMU5KTmdwT00wOWtXVWhPWlZBNGVrbFhkV05RUm1sNGJUUTBkMjVHV1ZSUWRVbEhXR3hoU2xoc2NVNXBaMHMzVFhReVJGRlJSVWRrVDNaRGIwTklTV2hWVEVOMENrWlFOVGt5YkZwbVJGWTFNVTFrZVN0UmIzYzVhWGxGWVhsblMxbG5SVm8wUzFsbGMwa3ZVekZDV1RsYWFYTmxSekJWYTA5V1IzTTRjbTVqVkZoT1VEVUtlbWR2UFFvdExTMHRMVVZPUkNCRFJWSlVTVVpKUTBGVVJTMHRMUzB0Q2c9PQogICAgc2VydmVyOiBodHRwczovL2QyY2JkOThiLTMyZDItNGQwNS04MTRjLTk3OTNmNzg5NGJlMC5jcGMyLXVzLWNlbnRyYWwubGlub2RlbGtlLm5ldDo0NDMKICBuYW1lOiBsa2UxMDQ5MjYKCnVzZXJzOgotIG5hbWU6IGxrZTEwNDkyNi1hZG1pbgogIHVzZXI6CiAgICBhcy11c2VyLWV4dHJhOiB7fQogICAgdG9rZW46IGV5SmhiR2NpT2lKU1V6STFOaUlzSW10cFpDSTZJbUYxUm1KTWFHcFdVR2gzZUZGRVJIVkZhMHhsYzBkc1owSmllRko1V0RCeFFVTlBlRXRCVDFkclFrMGlmUS5leUpwYzNNaU9pSnJkV0psY201bGRHVnpMM05sY25acFkyVmhZMk52ZFc1MElpd2lhM1ZpWlhKdVpYUmxjeTVwYnk5elpYSjJhV05sWVdOamIzVnVkQzl1WVcxbGMzQmhZMlVpT2lKcmRXSmxMWE41YzNSbGJTSXNJbXQxWW1WeWJtVjBaWE11YVc4dmMyVnlkbWxqWldGalkyOTFiblF2YzJWamNtVjBMbTVoYldVaU9pSnNhMlV0WVdSdGFXNHRkRzlyWlc0dGFuRmtiR29pTENKcmRXSmxjbTVsZEdWekxtbHZMM05sY25acFkyVmhZMk52ZFc1MEwzTmxjblpwWTJVdFlXTmpiM1Z1ZEM1dVlXMWxJam9pYkd0bExXRmtiV2x1SWl3aWEzVmlaWEp1WlhSbGN5NXBieTl6WlhKMmFXTmxZV05qYjNWdWRDOXpaWEoyYVdObExXRmpZMjkxYm5RdWRXbGtJam9pTTJVME5EaGxOV010TVRrME9DMDBNREV3TFRsaFpEUXRNek13WVRnME56a3laVGc0SWl3aWMzVmlJam9pYzNsemRHVnRPbk5sY25acFkyVmhZMk52ZFc1ME9tdDFZbVV0YzNsemRHVnRPbXhyWlMxaFpHMXBiaUo5LmU1OUtvZXVMdC1fSmFMVlVKeTZMRHhBZENROXBNMFVQeENCdmxMWVhGMkVwcTNSOG1kZnZWUVQ4b1JWSEx1amtDQU5NejNkM0lFX2dPNllvU2x4enhnUTZXMHR6clVMc192ZFV1ZVpRUk5EUnRseEtQdF93emt6QnlUSzl5blZoXzFBLVRJVVQ5ZEFKR3Rqc0tDNEtZRFpOTWVST25hT2ZfU3ZaakpkcWQ2d0FlREtKNTQ4dG9Qbm13SVp2REtleG53Nl9RV3dqaFppdjBCc0N5NTlxRk5xUlRHVUZtMks0UjlBZGlWR1FPbEtlNmhoT0NXWWZJbUFZNEgtc1RtYlMzZzktZ3o1WGpzSWRXUk9VOENaVV9fWlI4V2owdk5Sdi1udFhqS3VIcTMyai01VC15OGpaX2VWMnhZRFU5ZDRzRldGdDhvRXBhMHVsbXNOQzhrSkNRdwoKY29udGV4dHM6Ci0gY29udGV4dDoKICAgIGNsdXN0ZXI6IGxrZTEwNDkyNgogICAgbmFtZXNwYWNlOiBkZWZhdWx0CiAgICB1c2VyOiBsa2UxMDQ5MjYtYWRtaW4KICBuYW1lOiBsa2UxMDQ5MjYtY3R4CgpjdXJyZW50LWNvbnRleHQ6IGxrZTEwNDkyNi1jdHgK",
            "label": "My-Cluster",
            "pool": [
              {
                "autoscaler": [],
                "count": 2,
                "id": 156843,
                "nodes": [
                  {
                    "id": "156843-6448130da2c4",
                    "instance_id": 45518871,
                    "status": "not_ready"
                  },
                  {
                    "id": "156843-6448130da7ee",
                    "instance_id": 45518873,
                    "status": "not_ready"
                  }
                ],
                "type": "g6-standard-2"
              }
            ],
            "region": "us-central",
            "status": "ready",
            "tags": [
              "prod"
            ],
            "timeouts": null
          },
          "sensitive_attributes": [],
          "private": "eyJlMmJmYjczMC1lY2FhLTExZTYtOGY4OC0zNDM2M2JjN2M0YzAiOnsiY3JlYXRlIjoxNTAwMDAwMDAwMDAwLCJkZWxldGUiOjYwMDAwMDAwMDAwMCwidXBkYXRlIjoxODAwMDAwMDAwMDAwfX0="
        }
      ]
    },
    {
      "mode": "managed",
      "type": "linode_nodebalancer",
      "name": "example",
      "provider": "provider[\"registry.terraform.io/linode/linode\"]",
      "instances": [
        {
          "schema_version": 1,
          "attributes": {
            "client_conn_throttle": 0,
            "created": "2023-04-25T17:51:03Z",
            "hostname": "143-42-127-192.ip.linodeusercontent.com",
            "id": "337276",
            "ipv4": "143.42.127.192",
            "ipv6": "2600:3c03:1::8f2a:7fc0",
            "label": "example-nodebalancer",
            "region": "us-east",
            "tags": null,
            "transfer": [
              {
                "in": 0,
                "out": 0,
                "total": 0
              }
            ],
            "updated": "2023-04-25T17:51:03Z"
          },
          "sensitive_attributes": [],
          "private": "eyJzY2hlbWFfdmVyc2lvbiI6IjEifQ=="
        }
      ]
    },
    {
      "mode": "managed",
      "type": "linode_nodebalancer_config",
      "name": "example",
      "provider": "provider[\"registry.terraform.io/linode/linode\"]",
      "instances": [
        {
          "schema_version": 1,
          "attributes": {
            "algorithm": "roundrobin",
            "check": "connection",
            "check_attempts": 3,
            "check_body": "",
            "check_interval": 31,
            "check_passive": true,
            "check_path": "",
            "check_timeout": 30,
            "cipher_suite": "recommended",
            "id": "517134",
            "node_status": [
              {
                "down": 0,
                "up": 0
              }
            ],
            "nodebalancer_id": 337276,
            "port": 80,
            "protocol": "http",
            "proxy_protocol": "none",
            "ssl_cert": null,
            "ssl_commonname": "",
            "ssl_fingerprint": "",
            "ssl_key": null,
            "stickiness": "none"
          },
          "sensitive_attributes": [],
          "private": "eyJzY2hlbWFfdmVyc2lvbiI6IjEifQ==",
          "dependencies": [
            "linode_nodebalancer.example"
          ]
        }
      ]
    }
  ],
  "check_results": null
}
